<?xml version="1.0" encoding="utf-8"?>
<Project ToolsVersion="4.0" xmlns="http://schemas.microsoft.com/developer/msbuild/2003">
  <ItemGroup>
    <Filter Include="소스 파일">
      <UniqueIdentifier>{4FC737F1-C7A5-4376-A066-2A32D752A2FF}</UniqueIdentifier>
      <Extensions>cpp;c;cc;cxx;def;odl;idl;hpj;bat;asm;asmx</Extensions>
    </Filter>
    <Filter Include="헤더 파일">
      <UniqueIdentifier>{93995380-89BD-4b04-88EB-625FBE52EBFB}</UniqueIdentifier>
      <Extensions>h;hh;hpp;hxx;hm;inl;inc;xsd</Extensions>
    </Filter>
    <Filter Include="리소스 파일">
      <UniqueIdentifier>{67DA6AB6-F800-4c08-8B7A-83BB121AAD01}</UniqueIdentifier>
      <Extensions>rc;ico;cur;bmp;dlg;rc2;rct;bin;rgs;gif;jpg;jpeg;jpe;resx;tiff;tif;png;wav;mfcribbon-ms</Extensions>
    </Filter>
    <Filter Include="소스 파일\Game">
      <UniqueIdentifier>{45180541-37e1-4093-87d9-f557a63176d3}</UniqueIdentifier>
    </Filter>
    <Filter Include="소스 파일\Graphics">
      <UniqueIdentifier>{ee2c7782-d194-4e61-87f1-c4b066fa4804}</UniqueIdentifier>
    </Filter>
    <Filter Include="소스 파일\Image">
      <UniqueIdentifier>{95b76db8-56c6-4f33-b3ac-286667be3e3b}</UniqueIdentifier>
    </Filter>
    <Filter Include="소스 파일\Image\ImageManager">
      <UniqueIdentifier>{974dac54-f085-4fe9-8a31-2ee59955f684}</UniqueIdentifier>
    </Filter>
    <Filter Include="소스 파일\Mouse">
      <UniqueIdentifier>{a37c971d-d6ca-4c32-b37a-2a326b637ff4}</UniqueIdentifier>
    </Filter>
    <Filter Include="소스 파일\Scene">
      <UniqueIdentifier>{a41f5fb5-3943-46e3-80ee-2dacbad02fec}</UniqueIdentifier>
    </Filter>
    <Filter Include="소스 파일\Scene\Scene_Play">
      <UniqueIdentifier>{4f00efe3-db22-4578-8174-7c7ef14cdacd}</UniqueIdentifier>
    </Filter>
    <Filter Include="소스 파일\Zombie">
      <UniqueIdentifier>{ab1b0249-5eba-493a-be55-ac859f347223}</UniqueIdentifier>
    </Filter>
    <Filter Include="소스 파일\UI">
      <UniqueIdentifier>{8665c745-e09b-433e-897e-d14558ec2a47}</UniqueIdentifier>
    </Filter>
    <Filter Include="소스 파일\Scene\Scene_Logo">
      <UniqueIdentifier>{a50b6570-fe48-450c-99cd-07d1d48700c3}</UniqueIdentifier>
    </Filter>
    <Filter Include="소스 파일\Scene\Scene_Main">
      <UniqueIdentifier>{e1e4012b-22c5-4560-806f-93bc2a912a5e}</UniqueIdentifier>
    </Filter>
    <Filter Include="소스 파일\Time">
      <UniqueIdentifier>{d6285bc8-9032-43a8-adac-f4c7eec88167}</UniqueIdentifier>
    </Filter>
    <Filter Include="소스 파일\Player">
      <UniqueIdentifier>{8be760ad-c673-42f5-8864-1e5489141d08}</UniqueIdentifier>
    </Filter>
    <Filter Include="소스 파일\Input">
      <UniqueIdentifier>{9fa3e56f-51e2-4510-89cd-791b6886c153}</UniqueIdentifier>
    </Filter>
    <Filter Include="소스 파일\Player\State">
      <UniqueIdentifier>{772d2507-361d-4aa5-bde8-49abe92fab2c}</UniqueIdentifier>
    </Filter>
    <Filter Include="소스 파일\Player\State\Move">
      <UniqueIdentifier>{718cdd79-5b41-4d2e-b311-d187b0c80651}</UniqueIdentifier>
    </Filter>
    <Filter Include="소스 파일\Player\State\Stay">
      <UniqueIdentifier>{1458c094-4b66-42d3-b7e5-dd38bc013921}</UniqueIdentifier>
    </Filter>
    <Filter Include="소스 파일\Zombie\Boy_Zombie">
      <UniqueIdentifier>{2678ddf8-aa0d-42cf-8252-4a20749a10ff}</UniqueIdentifier>
    </Filter>
    <Filter Include="소스 파일\Player\State\Attack">
      <UniqueIdentifier>{716e3b63-5d06-4d95-8598-191c5d5b1aca}</UniqueIdentifier>
    </Filter>
    <Filter Include="소스 파일\AI">
      <UniqueIdentifier>{b5dfe9fe-c07a-4d62-8e68-7127e0f1c617}</UniqueIdentifier>
    </Filter>
  </ItemGroup>
  <ItemGroup>
    <ClCompile Include="main.cpp">
      <Filter>소스 파일</Filter>
    </ClCompile>
    <ClCompile Include="Game.cpp">
      <Filter>소스 파일\Game</Filter>
    </ClCompile>
    <ClCompile Include="image.cpp">
      <Filter>소스 파일\Image</Filter>
    </ClCompile>
    <ClCompile Include="ImageManager.cpp">
      <Filter>소스 파일\Image\ImageManager</Filter>
    </ClCompile>
    <ClCompile Include="graphics.cpp">
      <Filter>소스 파일\Graphics</Filter>
    </ClCompile>
    <ClCompile Include="mouse.cpp">
      <Filter>소스 파일\Mouse</Filter>
    </ClCompile>
    <ClCompile Include="Scene.cpp">
      <Filter>소스 파일\Scene</Filter>
    </ClCompile>
    <ClCompile Include="Scene_Play.cpp">
      <Filter>소스 파일\Scene\Scene_Play</Filter>
    </ClCompile>
    <ClCompile Include="UI.cpp">
      <Filter>소스 파일\UI</Filter>
    </ClCompile>
    <ClCompile Include="Scene_TeamLogo.cpp">
      <Filter>소스 파일\Scene\Scene_Logo</Filter>
    </ClCompile>
    <ClCompile Include="Scene_Main.cpp">
      <Filter>소스 파일\Scene\Scene_Main</Filter>
    </ClCompile>
    <ClCompile Include="Time.cpp">
      <Filter>소스 파일\Time</Filter>
    </ClCompile>
    <ClCompile Include="Player.cpp">
      <Filter>소스 파일\Player</Filter>
    </ClCompile>
    <ClCompile Include="State.cpp">
      <Filter>소스 파일\Player\State</Filter>
    </ClCompile>
    <ClCompile Include="State_Move.cpp">
      <Filter>소스 파일\Player\State\Move</Filter>
    </ClCompile>
    <ClCompile Include="State_Stay.cpp">
      <Filter>소스 파일\Player\State\Stay</Filter>
    </ClCompile>
    <ClCompile Include="Input.cpp">
      <Filter>소스 파일\Input</Filter>
    </ClCompile>
    <ClCompile Include="Boy_Zombie.cpp">
      <Filter>소스 파일\Zombie\Boy_Zombie</Filter>
    </ClCompile>
    <ClCompile Include="Zombie.cpp">
      <Filter>소스 파일\Zombie</Filter>
    </ClCompile>
    <ClCompile Include="State_Attack.cpp">
      <Filter>소스 파일\Player\State\Attack</Filter>
    </ClCompile>
    <ClCompile Include="AI_State.cpp">
      <Filter>소스 파일\AI</Filter>
    </ClCompile>
    <ClCompile Include="AI_State_Stay.cpp">
      <Filter>소스 파일\AI</Filter>
    </ClCompile>
    <ClCompile Include="AI_State_Move.cpp">
      <Filter>소스 파일\AI</Filter>
    </ClCompile>
    <ClCompile Include="AI_State_Hit.cpp">
      <Filter>소스 파일\AI</Filter>
    </ClCompile>
    <ClCompile Include="CrashCheck.cpp">
      <Filter>소스 파일</Filter>
    </ClCompile>
  </ItemGroup>
  <ItemGroup>
    <ClInclude Include="Resource.h">
      <Filter>헤더 파일</Filter>
    </ClInclude>
    <ClInclude Include="Game.h">
      <Filter>소스 파일\Game</Filter>
    </ClInclude>
    <ClInclude Include="image.h">
      <Filter>소스 파일\Image</Filter>
    </ClInclude>
    <ClInclude Include="ImageManager.h">
      <Filter>소스 파일\Image\ImageManager</Filter>
    </ClInclude>
    <ClInclude Include="graphics.h">
      <Filter>소스 파일\Graphics</Filter>
    </ClInclude>
    <ClInclude Include="mouse.h">
      <Filter>소스 파일\Mouse</Filter>
    </ClInclude>
    <ClInclude Include="Scene.h">
      <Filter>소스 파일\Scene</Filter>
    </ClInclude>
    <ClInclude Include="Scene_Play.h">
      <Filter>소스 파일\Scene\Scene_Play</Filter>
    </ClInclude>
    <ClInclude Include="UI.h">
      <Filter>소스 파일\UI</Filter>
    </ClInclude>
    <ClInclude Include="Scene_TeamLogo.h">
      <Filter>소스 파일\Scene\Scene_Logo</Filter>
    </ClInclude>
    <ClInclude Include="Scene_Main.h">
      <Filter>소스 파일\Scene\Scene_Main</Filter>
    </ClInclude>
    <ClInclude Include="Time.h">
      <Filter>소스 파일\Time</Filter>
    </ClInclude>
    <ClInclude Include="Player.h">
      <Filter>소스 파일\Player</Filter>
    </ClInclude>
    <ClInclude Include="State.h">
      <Filter>소스 파일\Player\State</Filter>
    </ClInclude>
    <ClInclude Include="State_Move.h">
      <Filter>소스 파일\Player\State\Move</Filter>
    </ClInclude>
    <ClInclude Include="State_Stay.h">
      <Filter>소스 파일\Player\State\Stay</Filter>
    </ClInclude>
    <ClInclude Include="Input.h">
      <Filter>소스 파일\Input</Filter>
    </ClInclude>
    <ClInclude Include="Boy_Zombie.h">
      <Filter>소스 파일\Zombie\Boy_Zombie</Filter>
    </ClInclude>
    <ClInclude Include="Zombie.h">
      <Filter>소스 파일\Zombie</Filter>
    </ClInclude>
    <ClInclude Include="State_Attack.h">
      <Filter>소스 파일\Player\State\Attack</Filter>
    </ClInclude>
    <ClInclude Include="AI_State.h">
      <Filter>소스 파일\AI</Filter>
    </ClInclude>
    <ClInclude Include="AI_State_Hit.h">
      <Filter>소스 파일\AI</Filter>
    </ClInclude>
    <ClInclude Include="AI_State_Move.h">
      <Filter>소스 파일\AI</Filter>
    </ClInclude>
    <ClInclude Include="AI_State_Stay.h">
      <Filter>소스 파일\AI</Filter>
    </ClInclude>
    <ClInclude Include="CrashCheck.h">
      <Filter>헤더 파일</Filter>
    </ClInclude>
  </ItemGroup>
  <ItemGroup>
    <None Include="ClassDiagram.cd" />
    <None Include="ClassDiagram1.cd" />
    <None Include="ClassDiagram2.cd" />
  </ItemGroup>
</Project>